// !$*UTF8*$!
{
	archiveVersion = 1;
	classes = {
	};
	objectVersion = 50;
	objects = {

/* Begin PBXBuildFile section */
		180E80DD23DE764D0085A5DD /* AppDelegate.swift in Sources */ = {isa = PBXBuildFile; fileRef = 180E80DC23DE764D0085A5DD /* AppDelegate.swift */; };
		180E80DF23DE764D0085A5DD /* SceneDelegate.swift in Sources */ = {isa = PBXBuildFile; fileRef = 180E80DE23DE764D0085A5DD /* SceneDelegate.swift */; };
		180E80E123DE764D0085A5DD /* ViewController.swift in Sources */ = {isa = PBXBuildFile; fileRef = 180E80E023DE764D0085A5DD /* ViewController.swift */; };
		180E80E423DE764D0085A5DD /* Main.storyboard in Resources */ = {isa = PBXBuildFile; fileRef = 180E80E223DE764D0085A5DD /* Main.storyboard */; };
		180E80E623DE764E0085A5DD /* Assets.xcassets in Resources */ = {isa = PBXBuildFile; fileRef = 180E80E523DE764E0085A5DD /* Assets.xcassets */; };
		180E80E923DE764E0085A5DD /* LaunchScreen.storyboard in Resources */ = {isa = PBXBuildFile; fileRef = 180E80E723DE764E0085A5DD /* LaunchScreen.storyboard */; };
		180E80F123DE76D00085A5DD /* popup.swift in Sources */ = {isa = PBXBuildFile; fileRef = 180E80F023DE76D00085A5DD /* popup.swift */; };
/* End PBXBuildFile section */

/* Begin PBXFileReference section */
		180E80D923DE764D0085A5DD /* PopUpView.app */ = {isa = PBXFileReference; explicitFileType = wrapper.application; includeInIndex = 0; path = PopUpView.app; sourceTree = BUILT_PRODUCTS_DIR; };
		180E80DC23DE764D0085A5DD /* AppDelegate.swift */ = {isa = PBXFileReference; lastKnownFileType = sourcecode.swift; path = AppDelegate.swift; sourceTree = "<group>"; };
		180E80DE23DE764D0085A5DD /* SceneDelegate.swift */ = {isa = PBXFileReference; lastKnownFileType = sourcecode.swift; path = SceneDelegate.swift; sourceTree = "<group>"; };
		180E80E023DE764D0085A5DD /* ViewController.swift */ = {isa = PBXFileReference; lastKnownFileType = sourcecode.swift; path = ViewController.swift; sourceTree = "<group>"; };
		180E80E323DE764D0085A5DD /* Base */ = {isa = PBXFileReference; lastKnownFileType = file.storyboard; name = Base; path = Base.lproj/Main.storyboard; sourceTree = "<group>"; };
		180E80E523DE764E0085A5DD /* Assets.xcassets */ = {isa = PBXFileReference; lastKnownFileType = folder.assetcatalog; path = Assets.xcassets; sourceTree = "<group>"; };
		180E80E823DE764E0085A5DD /* Base */ = {isa = PBXFileReference; lastKnownFileType = file.storyboard; name = Base; path = Base.lproj/LaunchScreen.storyboard; sourceTree = "<group>"; };
		180E80EA23DE764E0085A5DD /* Info.plist */ = {isa = PBXFileReference; lastKnownFileType = text.plist.xml; path = Info.plist; sourceTree = "<group>"; };
		180E80F023DE76D00085A5DD /* popup.swift */ = {isa = PBXFileReference; lastKnownFileType = sourcecode.swift; path = popup.swift; sourceTree = "<group>"; };
/* End PBXFileReference section */

/* Begin PBXFrameworksBuildPhase section */
		180E80D623DE764D0085A5DD /* Frameworks */ = {
			isa = PBXFrameworksBuildPhase;
			buildActionMask = 2147483647;
			files = (
			);
			runOnlyForDeploymentPostprocessing = 0;
		};
/* End PBXFrameworksBuildPhase section */

/* Begin PBXGroup section */
		180E80D023DE764D0085A5DD = {
			isa = PBXGroup;
			children = (
				180E80DB23DE764D0085A5DD /* PopUpView */,
				180E80DA23DE764D0085A5DD /* Products */,
			);
			sourceTree = "<group>";
		};
		180E80DA23DE764D0085A5DD /* Products */ = {
			isa = PBXGroup;
			children = (
				180E80D923DE764D0085A5DD /* PopUpView.app */,
			);
			name = Products;
			sourceTree = "<group>";
		};
		180E80DB23DE764D0085A5DD /* PopUpView */ = {
			isa = PBXGroup;
			children = (
				180E80DC23DE764D0085A5DD /* AppDelegate.swift */,
				180E80DE23DE764D0085A5DD /* SceneDelegate.swift */,
				180E80E023DE764D0085A5DD /* ViewController.swift */,
				180E80E223DE764D0085A5DD /* Main.storyboard */,
				180E80E523DE764E0085A5DD /* Assets.xcassets */,
				180E80E723DE764E0085A5DD /* LaunchScreen.storyboard */,
				180E80EA23DE764E0085A5DD /* Info.plist */,
				180E80F023DE76D00085A5DD /* popup.swift */,
			);
			path = PopUpView;
			sourceTree = "<group>";
		};
/* End PBXGroup section */

/* Begin PBXNativeTarget section */
		180E80D823DE764D0085A5DD /* PopUpView */ = {
			isa = PBXNativeTarget;
			buildConfigurationList = 180E80ED23DE764E0085A5DD /* Build configuration list for PBXNativeTarget "PopUpView" */;
			buildPhases = (
				180E80D523DE764D0085A5DD /* Sources */,
				180E80D623DE764D0085A5DD /* Frameworks */,
				180E80D723DE764D0085A5DD /* Resources */,
			);
			buildRules = (
			);
			dependencies = (
			);
			name = PopUpView;
			productName = PopUpView;
			productReference = 180E80D923DE764D0085A5DD /* PopUpView.app */;
			productType = "com.apple.product-type.application";
		};
/* End PBXNativeTarget section */

/* Begin PBXProject section */
		180E80D123DE764D0085A5DD /* Project object */ = {
			isa = PBXProject;
			attributes = {
				LastSwiftUpdateCheck = 1110;
				LastUpgradeCheck = 1110;
				ORGANIZATIONNAME = JeongminKim;
				TargetAttributes = {
					180E80D823DE764D0085A5DD = {
						CreatedOnToolsVersion = 11.1;
					};
				};
			};
			buildConfigurationList = 180E80D423DE764D0085A5DD /* Build configuration list for PBXProject "PopUpView" */;
			compatibilityVersion = "Xcode 9.3";
			developmentRegion = en;
			hasScannedForEncodings = 0;
			knownRegions = (
				en,
				Base,
			);
			mainGroup = 180E80D023DE764D0085A5DD;
			productRefGroup = 180E80DA23DE764D0085A5DD /* Products */;
			projectDirPath = "";
			projectRoot = "";
			targets = (
				180E80D823DE764D0085A5DD /* PopUpView */,
			);
		};
/* End PBXProject section */

/* Begin PBXResourcesBuildPhase section */
		180E80D723DE764D0085A5DD /* Resources */ = {
			isa = PBXResourcesBuildPhase;
			buildActionMask = 2147483647;
			files = (
				180E80E923DE764E0085A5DD /* LaunchScreen.storyboard in Resources */,
				180E80E623DE764E0085A5DD /* Assets.xcassets in Resources */,
				180E80E423DE764D0085A5DD /* Main.storyboard in Resources */,
			);
			runOnlyForDeploymentPostprocessing = 0;
		};
/* End PBXResourcesBuildPhase section */

/* Begin PBXSourcesBuildPhase section */
		180E80D523DE764D0085A5DD /* Sources */ = {
			isa = PBXSourcesBuildPhase;
			buildActionMask = 2147483647;
			files = (
				180E80E123DE764D0085A5DD /* ViewController.swift in Sources */,
				180E80DD23DE764D0085A5DD /* AppDelegate.swift in Sources */,
				180E80F123DE76D00085A5DD /* popup.swift in Sources */,
				180E80DF23DE764D0085A5DD /* SceneDelegate.swift in Sources */,
			);
			runOnlyForDeploymentPostprocessing = 0;
		};
/* End PBXSourcesBuildPhase section */

/* Begin PBXVariantGroup section */
		180E80E223DE764D0085A5DD /* Main.storyboard */ = {
			isa = PBXVariantGroup;
			children = (
				180E80E323DE764D0085A5DD /* Base */,
			);
			name = Main.storyboard;
			sourceTree = "<group>";
		};
		180E80E723DE764E0085A5DD /* LaunchScreen.storyboard */ = {
			isa = PBXVariantGroup;
			children = (
				180E80E823DE764E0085A5DD /* Base */,
			);
			name = LaunchScreen.storyboard;
			sourceTree = "<group>";
		};
/* End PBXVariantGroup section */

/* Begin XCBuildConfiguration section */
		180E80EB23DE764E0085A5DD /* Debug */ = {
			isa = XCBuildConfiguration;
			buildSettings = {
				ALWAYS_SEARCH_USER_PATHS = NO;
				CLANG_ANALYZER_NONNULL = YES;
				CLANG_ANALYZER_NUMBER_OBJECT_CONVERSION = YES_AGGRESSIVE;
				CLANG_CXX_LANGUAGE_STANDARD = "gnu++14";
				CLANG_CXX_LIBRARY = "libc++";
				CLANG_ENABLE_MODULES = YES;
				CLANG_ENABLE_OBJC_ARC = YES;
				CLANG_ENABLE_OBJC_WEAK = YES;
				CLANG_WARN_BLOCK_CAPTURE_AUTORELEASING = YES;
				CLANG_WARN_BOOL_CONVERSION = YES;
				CLANG_WARN_COMMA = YES;
				CLANG_WARN_CONSTANT_CONVERSION = YES;
				CLANG_WARN_DEPRECATED_OBJC_IMPLEMENTATIONS = YES;
				CLANG_WARN_DIRECT_OBJC_ISA_USAGE = YES_ERROR;
				CLANG_WARN_DOCUMENTATION_COMMENTS = YES;
				CLANG_WARN_EMPTY_BODY = YES;
				CLANG_WARN_ENUM_CONVERSION = YES;
				CLANG_WARN_INFINITE_RECURSION = YES;
				CLANG_WARN_INT_CONVERSION = YES;
				CLANG_WARN_NON_LITERAL_NULL_CONVERSION = YES;
				CLANG_WARN_OBJC_IMPLICIT_RETAIN_SELF = YES;
				CLANG_WARN_OBJC_LITERAL_CONVERSION = YES;
				CLANG_WARN_OBJC_ROOT_CLASS = YES_ERROR;
				CLANG_WARN_RANGE_LOOP_ANALYSIS = YES;
				CLANG_WARN_STRICT_PROTOTYPES = YES;
				CLANG_WARN_SUSPICIOUS_MOVE = YES;
				CLANG_WARN_UNGUARDED_AVAILABILITY = YES_AGGRESSIVE;
				CLANG_WARN_UNREACHABLE_CODE = YES;
				CLANG_WARN__DUPLICATE_METHOD_MATCH = YES;
				COPY_PHASE_STRIP = NO;
				DEBUG_INFORMATION_FORMAT = dwarf;
				ENABLE_STRICT_OBJC_MSGSEND = YES;
				ENABLE_TESTABILITY = YES;
				GCC_C_LANGUAGE_STANDARD = gnu11;
				GCC_DYNAMIC_NO_PIC = NO;
				GCC_NO_COMMON_BLOCKS = YES;
				GCC_OPTIMIZATION_LEVEL = 0;
				GCC_PREPROCESSOR_DEFINITIONS = (
					"DEBUG=1",
					"$(inherited)",
				);
				GCC_WARN_64_TO_32_BIT_CONVERSION = YES;
				GCC_WARN_ABOUT_RETURN_TYPE = YES_ERROR;
				GCC_WARN_UNDECLARED_SELECTOR = YES;
				GCC_WARN_UNINITIALIZED_AUTOS = YES_AGGRESSIVE;
				GCC_WARN_UNUSED_FUNCTION = YES;
				GCC_WARN_UNUSED_VARIABLE = YES;
				IPHONEOS_DEPLOYMENT_TARGET = 13.1;
				MTL_ENABLE_DEBUG_INFO = INCLUDE_SOURCE;
				MTL_FAST_MATH = YES;
				ONLY_ACTIVE_ARCH = YES;
				SDKROOT = iphoneos;
				SWIFT_ACTIVE_COMPILATION_CONDITIONS = DEBUG;
				SWIFT_OPTIMIZATION_LEVEL = "-Onone";
			};
			name = Debug;
		};
		180E80EC23DE764E0085A5DD /* Release */ = {
			isa = XCBuildConfiguration;
			buildSettings = {
				ALWAYS_SEARCH_USER_PATHS = NO;
				CLANG_ANALYZER_NONNULL = YES;
				CLANG_ANALYZER_NUMBER_OBJECT_CONVERSION = YES_AGGRESSIVE;
				CLANG_CXX_LANGUAGE_STANDARD = "gnu++14";
				CLANG_CXX_LIBRARY = "libc++";
				CLANG_ENABLE_MODULES = YES;
				CLANG_ENABLE_OBJC_ARC = YES;
				CLANG_ENABLE_OBJC_WEAK = YES;
				CLANG_WARN_BLOCK_CAPTURE_AUTORELEASING = YES;
				CLANG_WARN_BOOL_CONVERSION = YES;
				CLANG_WARN_COMMA = YES;
				CLANG_WARN_CONSTANT_CONVERSION = YES;
				CLANG_WARN_DEPRECATED_OBJC_IMPLEMENTATIONS = YES;
				CLANG_WARN_DIRECT_OBJC_ISA_USAGE = YES_ERROR;
				CLANG_WARN_DOCUMENTATION_COMMENTS = YES;
				CLANG_WARN_EMPTY_BODY = YES;
				CLANG_WARN_ENUM_CONVERSION = YES;
				CLANG_WARN_INFINITE_RECURSION = YES;
				CLANG_WARN_INT_CONVERSION = YES;
				CLANG_WARN_NON_LITERAL_NULL_CONVERSION = YES;
				CLANG_WARN_OBJC_IMPLICIT_RETAIN_SELF = YES;
				CLANG_WARN_OBJC_LITERAL_CONVERSION = YES;
				CLANG_WARN_OBJC_ROOT_CLASS = YES_ERROR;
				CLANG_WARN_RANGE_LOOP_ANALYSIS = YES;
				CLANG_WARN_STRICT_PROTOTYPES = YES;
				CLANG_WARN_SUSPICIOUS_MOVE = YES;
				CLANG_WARN_UNGUARDED_AVAILABILITY = YES_AGGRESSIVE;
				CLANG_WARN_UNREACHABLE_CODE = YES;
				CLANG_WARN__DUPLICATE_METHOD_MATCH = YES;
				COPY_PHASE_STRIP = NO;
				DEBUG_INFORMATION_FORMAT = "dwarf-with-dsym";
				ENABLE_NS_ASSERTIONS = NO;
				ENABLE_STRICT_OBJC_MSGSEND = YES;
				GCC_C_LANGUAGE_STANDARD = gnu11;
				GCC_NO_COMMON_BLOCKS = YES;
				GCC_WARN_64_TO_32_BIT_CONVERSION = YES;
				GCC_WARN_ABOUT_RETURN_TYPE = YES_ERROR;
				GCC_WARN_UNDECLARED_SELECTOR = YES;
				GCC_WARN_UNINITIALIZED_AUTOS = YES_AGGRESSIVE;
				GCC_WARN_UNUSED_FUNCTION = YES;
				GCC_WARN_UNUSED_VARIABLE = YES;
				IPHONEOS_DEPLOYMENT_TARGET = 13.1;
				MTL_ENABLE_DEBUG_INFO = NO;
				MTL_FAST_MATH = YES;
				SDKROOT = iphoneos;
				SWIFT_COMPILATION_MODE = wholemodule;
				SWIFT_OPTIMIZATION_LEVEL = "-O";
				VALIDATE_PRODUCT = YES;
			};
			name = Release;
		};
		180E80EE23DE764E0085A5DD /* Debug */ = {
			isa = XCBuildConfiguration;
			buildSettings = {
				ASSETCATALOG_COMPILER_APPICON_NAME = AppIcon;
				CODE_SIGN_STYLE = Automatic;
				DEVELOPMENT_TEAM = 4FTFKXF8N5;
				INFOPLIST_FILE = PopUpView/Info.plist;
				LD_RUNPATH_SEARCH_PATHS = (
					"$(inherited)",
					"@executable_path/Frameworks",
				);
				PRODUCT_BUNDLE_IDENTIFIER = com.JeongminKim.PopUpView;
				PRODUCT_NAME = "$(TARGET_NAME)";
				SWIFT_VERSION = 5.0;
				TARGETED_DEVICE_FAMILY = "1,2";
			};
			name = Debug;
		};
		180E80EF23DE764E0085A5DD /* Release */ = {
			isa = XCBuildConfiguration;
			buildSettings = {
				ASSETCATALOG_COMPILER_APPICON_NAME = AppIcon;
				CODE_SIGN_STYLE = Automatic;
				DEVELOPMENT_TEAM = 4FTFKXF8N5;
				INFOPLIST_FILE = PopUpView/Info.plist;
				LD_RUNPATH_SEARCH_PATHS = (
					"$(inherited)",
					"@executable_path/Frameworks",
				);
				PRODUCT_BUNDLE_IDENTIFIER = com.JeongminKim.PopUpView;
				PRODUCT_NAME = "$(TARGET_NAME)";
				SWIFT_VERSION = 5.0;
				TARGETED_DEVICE_FAMILY = "1,2";
			};
			name = Release;
		};
/* End XCBuildConfiguration section */

/* Begin XCConfigurationList section */
		180E80D423DE764D0085A5DD /* Build configuration list for PBXProject "PopUpView" */ = {
			isa = XCConfigurationList;
			buildConfigurations = (
				180E80EB23DE764E0085A5DD /* Debug */,
				180E80EC23DE764E0085A5DD /* Release */,
			);
			defaultConfigurationIsVisible = 0;
			defaultConfigurationName = Release;
		};
		180E80ED23DE764E0085A5DD /* Build configuration list for PBXNativeTarget "PopUpView" */ = {
			isa = XCConfigurationList;
			buildConfigurations = (
				180E80EE23DE764E0085A5DD /* Debug */,
				180E80EF23DE764E0085A5DD /* Release */,
			);
			defaultConfigurationIsVisible = 0;
			defaultConfigurationName = Release;
		};
/* End XCConfigurationList section */
	};
	rootObject = 180E80D123DE764D0085A5DD /* Project object */;
}
